{
  "requires": true,
  "lockfileVersion": 1,
  "dependencies": {
    "mockingoose": {
      "version": "2.13.1",
      "resolved": "https://registry.npmjs.org/mockingoose/-/mockingoose-2.13.1.tgz",
      "integrity": "sha512-P0HHzN9SqU8gkiP5137AywBShTjoXXdDU85MmnlKYR+K2JIV32ShvxeUnYDizz6cQdmP5g66cDkeOBwbcixITw==",
      "dev": true
    }
  }
}
